// !$*UTF8*$!
{
	archiveVersion = 1;
	classes = {
	};
	objectVersion = 46;
	objects = {

/* Begin PBXBuildFile section */
		D3B4FB8B1C64355000AD9C72 /* main.c in Sources */ = {isa = PBXBuildFile; fileRef = D3B4FB8A1C64355000AD9C72 /* main.c */; };
/* End PBXBuildFile section */

/* Begin PBXCopyFilesBuildPhase section */
		D3B4FB851C64355000AD9C72 /* CopyFiles */ = {
			isa = PBXCopyFilesBuildPhase;
			buildActionMask = 2147483647;
			dstPath = /usr/share/man/man1/;
			dstSubfolderSpec = 0;
			files = (
			);
			runOnlyForDeploymentPostprocessing = 1;
		};
/* End PBXCopyFilesBuildPhase section */

/* Begin PBXFileReference section */
		D3B4FB871C64355000AD9C72 /* CHashMap */ = {isa = PBXFileReference; explicitFileType = "compiled.mach-o.executable"; includeInIndex = 0; path = CHashMap; sourceTree = BUILT_PRODUCTS_DIR; };
		D3B4FB8A1C64355000AD9C72 /* main.c */ = {isa = PBXFileReference; lastKnownFileType = sourcecode.c.c; path = main.c; sourceTree = "<group>"; };
/* End PBXFileReference section */

/* Begin PBXFrameworksBuildPhase section */
		D3B4FB841C64355000AD9C72 /* Frameworks */ = {
			isa = PBXFrameworksBuildPhase;
			buildActionMask = 2147483647;
			files = (
			);
			runOnlyForDeploymentPostprocessing = 0;
		};
/* End PBXFrameworksBuildPhase section */

/* Begin PBXGroup section */
		D3B4FB7E1C64355000AD9C72 = {
			isa = PBXGroup;
			children = (
				D3B4FB891C64355000AD9C72 /* CHashMap */,
				D3B4FB881C64355000AD9C72 /* Products */,
			);
			sourceTree = "<group>";
		};
		D3B4FB881C64355000AD9C72 /* Products */ = {
			isa = PBXGroup;
			children = (
				D3B4FB871C64355000AD9C72 /* CHashMap */,
			);
			name = Products;
			sourceTree = "<group>";
		};
		D3B4FB891C64355000AD9C72 /* CHashMap */ = {
			isa = PBXGroup;
			children = (
				D3B4FB8A1C64355000AD9C72 /* main.c */,
			);
			path = CHashMap;
			sourceTree = "<group>";
		};
/* End PBXGroup section */

/* Begin PBXNativeTarget section */
		D3B4FB861C64355000AD9C72 /* CHashMap */ = {
			isa = PBXNativeTarget;
			buildConfigurationList = D3B4FB8E1C64355000AD9C72 /* Build configuration list for PBXNativeTarget "CHashMap" */;
			buildPhases = (
				D3B4FB831C64355000AD9C72 /* Sources */,
				D3B4FB841C64355000AD9C72 /* Frameworks */,
				D3B4FB851C64355000AD9C72 /* CopyFiles */,
			);
			buildRules = (
			);
			dependencies = (
			);
			name = CHashMap;
			productName = CHashMap;
			productReference = D3B4FB871C64355000AD9C72 /* CHashMap */;
			productType = "com.apple.product-type.tool";
		};
/* End PBXNativeTarget section */

/* Begin PBXProject section */
		D3B4FB7F1C64355000AD9C72 /* Project object */ = {
			isa = PBXProject;
			attributes = {
				LastUpgradeCheck = 0720;
				ORGANIZATIONNAME = "Michael Bottone";
				TargetAttributes = {
					D3B4FB861C64355000AD9C72 = {
						CreatedOnToolsVersion = 7.2;
					};
				};
			};
			buildConfigurationList = D3B4FB821C64355000AD9C72 /* Build configuration list for PBXProject "CHashMap" */;
			compatibilityVersion = "Xcode 3.2";
			developmentRegion = English;
			hasScannedForEncodings = 0;
			knownRegions = (
				en,
			);
			mainGroup = D3B4FB7E1C64355000AD9C72;
			productRefGroup = D3B4FB881C64355000AD9C72 /* Products */;
			projectDirPath = "";
			projectRoot = "";
			targets = (
				D3B4FB861C64355000AD9C72 /* CHashMap */,
			);
		};
/* End PBXProject section */

/* Begin PBXSourcesBuildPhase section */
		D3B4FB831C64355000AD9C72 /* Sources */ = {
			isa = PBXSourcesBuildPhase;
			buildActionMask = 2147483647;
			files = (
				D3B4FB8B1C64355000AD9C72 /* main.c in Sources */,
			);
			runOnlyForDeploymentPostprocessing = 0;
		};
/* End PBXSourcesBuildPhase section */

/* Begin XCBuildConfiguration section */
		D3B4FB8C1C64355000AD9C72 /* Debug */ = {
			isa = XCBuildConfiguration;
			buildSettings = {
				ALWAYS_SEARCH_USER_PATHS = NO;
				CLANG_CXX_LANGUAGE_STANDARD = "gnu++0x";
				CLANG_CXX_LIBRARY = "libc++";
				CLANG_ENABLE_MODULES = YES;
				CLANG_ENABLE_OBJC_ARC = YES;
				CLANG_WARN_BOOL_CONVERSION = YES;
				CLANG_WARN_CONSTANT_CONVERSION = YES;
				CLANG_WARN_DIRECT_OBJC_ISA_USAGE = YES_ERROR;
				CLANG_WARN_EMPTY_BODY = YES;
				CLANG_WARN_ENUM_CONVERSION = YES;
				CLANG_WARN_INT_CONVERSION = YES;
				CLANG_WARN_OBJC_ROOT_CLASS = YES_ERROR;
				CLANG_WARN_UNREACHABLE_CODE = YES;
				CLANG_WARN__DUPLICATE_METHOD_MATCH = YES;
				CODE_SIGN_IDENTITY = "-";
				COPY_PHASE_STRIP = NO;
				DEBUG_INFORMATION_FORMAT = dwarf;
				ENABLE_STRICT_OBJC_MSGSEND = YES;
				ENABLE_TESTABILITY = YES;
				GCC_C_LANGUAGE_STANDARD = gnu99;
				GCC_DYNAMIC_NO_PIC = NO;
				GCC_NO_COMMON_BLOCKS = YES;
				GCC_OPTIMIZATION_LEVEL = 0;
				GCC_PREPROCESSOR_DEFINITIONS = (
					"DEBUG=1",
					"$(inherited)",
				);
				GCC_WARN_64_TO_32_BIT_CONVERSION = YES;
				GCC_WARN_ABOUT_RETURN_TYPE = YES_ERROR;
				GCC_WARN_UNDECLARED_SELECTOR = YES;
				GCC_WARN_UNINITIALIZED_AUTOS = YES_AGGRESSIVE;
				GCC_WARN_UNUSED_FUNCTION = YES;
				GCC_WARN_UNUSED_VARIABLE = YES;
				MACOSX_DEPLOYMENT_TARGET = 10.11;
				MTL_ENABLE_DEBUG_INFO = YES;
				ONLY_ACTIVE_ARCH = YES;
				SDKROOT = macosx;
			};
			name = Debug;
		};
		D3B4FB8D1C64355000AD9C72 /* Release */ = {
			isa = XCBuildConfiguration;
			buildSettings = {
				ALWAYS_SEARCH_USER_PATHS = NO;
				CLANG_CXX_LANGUAGE_STANDARD = "gnu++0x";
				CLANG_CXX_LIBRARY = "libc++";
				CLANG_ENABLE_MODULES = YES;
				CLANG_ENABLE_OBJC_ARC = YES;
				CLANG_WARN_BOOL_CONVERSION = YES;
				CLANG_WARN_CONSTANT_CONVERSION = YES;
				CLANG_WARN_DIRECT_OBJC_ISA_USAGE = YES_ERROR;
				CLANG_WARN_EMPTY_BODY = YES;
				CLANG_WARN_ENUM_CONVERSION = YES;
				CLANG_WARN_INT_CONVERSION = YES;
				CLANG_WARN_OBJC_ROOT_CLASS = YES_ERROR;
				CLANG_WARN_UNREACHABLE_CODE = YES;
				CLANG_WARN__DUPLICATE_METHOD_MATCH = YES;
				CODE_SIGN_IDENTITY = "-";
				COPY_PHASE_STRIP = NO;
				DEBUG_INFORMATION_FORMAT = "dwarf-with-dsym";
				ENABLE_NS_ASSERTIONS = NO;
				ENABLE_STRICT_OBJC_MSGSEND = YES;
				GCC_C_LANGUAGE_STANDARD = gnu99;
				GCC_NO_COMMON_BLOCKS = YES;
				GCC_WARN_64_TO_32_BIT_CONVERSION = YES;
				GCC_WARN_ABOUT_RETURN_TYPE = YES_ERROR;
				GCC_WARN_UNDECLARED_SELECTOR = YES;
				GCC_WARN_UNINITIALIZED_AUTOS = YES_AGGRESSIVE;
				GCC_WARN_UNUSED_FUNCTION = YES;
				GCC_WARN_UNUSED_VARIABLE = YES;
				MACOSX_DEPLOYMENT_TARGET = 10.11;
				MTL_ENABLE_DEBUG_INFO = NO;
				SDKROOT = macosx;
			};
			name = Release;
		};
		D3B4FB8F1C64355000AD9C72 /* Debug */ = {
			isa = XCBuildConfiguration;
			buildSettings = {
				PRODUCT_NAME = "$(TARGET_NAME)";
			};
			name = Debug;
		};
		D3B4FB901C64355000AD9C72 /* Release */ = {
			isa = XCBuildConfiguration;
			buildSettings = {
				PRODUCT_NAME = "$(TARGET_NAME)";
			};
			name = Release;
		};
/* End XCBuildConfiguration section */

/* Begin XCConfigurationList section */
		D3B4FB821C64355000AD9C72 /* Build configuration list for PBXProject "CHashMap" */ = {
			isa = XCConfigurationList;
			buildConfigurations = (
				D3B4FB8C1C64355000AD9C72 /* Debug */,
				D3B4FB8D1C64355000AD9C72 /* Release */,
			);
			defaultConfigurationIsVisible = 0;
			defaultConfigurationName = Release;
		};
		D3B4FB8E1C64355000AD9C72 /* Build configuration list for PBXNativeTarget "CHashMap" */ = {
			isa = XCConfigurationList;
			buildConfigurations = (
				D3B4FB8F1C64355000AD9C72 /* Debug */,
				D3B4FB901C64355000AD9C72 /* Release */,
			);
			defaultConfigurationIsVisible = 0;
		};
/* End XCConfigurationList section */
	};
	rootObject = D3B4FB7F1C64355000AD9C72 /* Project object */;
}
